// !$*UTF8*$!
{
	archiveVersion = 1;
	classes = {
	};
	objectVersion = 77;
	objects = {

/* Begin PBXBuildFile section */
		C065CA0B2FB996D1003857F6 /* vsb-run in Frameworks */ = {isa = PBXBuildFile; productRef = C065CA0A2FB996D1003857F6 /* vsb-run */; };
		C065CA0E2FB996DD003857F6 /* VSBCore in Frameworks */ = {isa = PBXBuildFile; productRef = C065CA0D2FB996DD003857F6 /* VSBCore */; };
		C065CA112FB996E6003857F6 /* BenchKit in Frameworks */ = {isa = PBXBuildFile; productRef = C065CA102FB996E6003857F6 /* BenchKit */; };
/* End PBXBuildFile section */

/* Begin PBXContainerItemProxy section */
		C02CDB3A2FB1A7B700CCC302 /* PBXContainerItemProxy */ = {
			isa = PBXContainerItemProxy;
			containerPortal = C02CDB222FB1A7B600CCC302 /* Project object */;
			proxyType = 1;
			remoteGlobalIDString = C02CDB292FB1A7B600CCC302;
			remoteInfo = VectorSuiteBench;
		};
		C02CDB442FB1A7B700CCC302 /* PBXContainerItemProxy */ = {
			isa = PBXContainerItemProxy;
			containerPortal = C02CDB222FB1A7B600CCC302 /* Project object */;
			proxyType = 1;
			remoteGlobalIDString = C02CDB292FB1A7B600CCC302;
			remoteInfo = VectorSuiteBench;
		};
/* End PBXContainerItemProxy section */

/* Begin PBXFileReference section */
		C02CDB2A2FB1A7B600CCC302 /* VectorSuiteBench.app */ = {isa = PBXFileReference; explicitFileType = wrapper.application; includeInIndex = 0; path = VectorSuiteBench.app; sourceTree = BUILT_PRODUCTS_DIR; };
		C02CDB392FB1A7B700CCC302 /* VectorSuiteBenchTests.xctest */ = {isa = PBXFileReference; explicitFileType = wrapper.cfbundle; includeInIndex = 0; path = VectorSuiteBenchTests.xctest; sourceTree = BUILT_PRODUCTS_DIR; };
		C02CDB432FB1A7B700CCC302 /* VectorSuiteBenchUITests.xctest */ = {isa = PBXFileReference; explicitFileType = wrapper.cfbundle; includeInIndex = 0; path = VectorSuiteBenchUITests.xctest; sourceTree = BUILT_PRODUCTS_DIR; };
/* End PBXFileReference section */

/* Begin PBXFileSystemSynchronizedRootGroup section */
		C02CDB2C2FB1A7B600CCC302 /* VectorSuiteBench */ = {
			isa = PBXFileSystemSynchronizedRootGroup;
			path = VectorSuiteBench;
			sourceTree = "<group>";
		};
		C02CDB3C2FB1A7B700CCC302 /* VectorSuiteBenchTests */ = {
			isa = PBXFileSystemSynchronizedRootGroup;
			path = VectorSuiteBenchTests;
			sourceTree = "<group>";
		};
		C02CDB462FB1A7B700CCC302 /* VectorSuiteBenchUITests */ = {
			isa = PBXFileSystemSynchronizedRootGroup;
			path = VectorSuiteBenchUITests;
			sourceTree = "<group>";
		};
/* End PBXFileSystemSynchronizedRootGroup section */

/* Begin PBXFrameworksBuildPhase section */
		C02CDB272FB1A7B600CCC302 /* Frameworks */ = {
			isa = PBXFrameworksBuildPhase;
			buildActionMask = 2147483647;
			files = (
				C065CA0B2FB996D1003857F6 /* vsb-run in Frameworks */,
				C065CA0E2FB996DD003857F6 /* VSBCore in Frameworks */,
				C065CA112FB996E6003857F6 /* BenchKit in Frameworks */,
			);
			runOnlyForDeploymentPostprocessing = 0;
		};
		C02CDB362FB1A7B700CCC302 /* Frameworks */ = {
			isa = PBXFrameworksBuildPhase;
			buildActionMask = 2147483647;
			files = (
			);
			runOnlyForDeploymentPostprocessing = 0;
		};
		C02CDB402FB1A7B700CCC302 /* Frameworks */ = {
			isa = PBXFrameworksBuildPhase;
			buildActionMask = 2147483647;
			files = (
			);
			runOnlyForDeploymentPostprocessing = 0;
		};
/* End PBXFrameworksBuildPhase section */

/* Begin PBXGroup section */
		C02CDB212FB1A7B600CCC302 = {
			isa = PBXGroup;
			children = (
				C02CDB2C2FB1A7B600CCC302 /* VectorSuiteBench */,
				C02CDB3C2FB1A7B700CCC302 /* VectorSuiteBenchTests */,
				C02CDB462FB1A7B700CCC302 /* VectorSuiteBenchUITests */,
				C02CDB2B2FB1A7B600CCC302 /* Products */,
			);
			sourceTree = "<group>";
		};
		C02CDB2B2FB1A7B600CCC302 /* Products */ = {
			isa = PBXGroup;
			children = (
				C02CDB2A2FB1A7B600CCC302 /* VectorSuiteBench.app */,
				C02CDB392FB1A7B700CCC302 /* VectorSuiteBenchTests.xctest */,
				C02CDB432FB1A7B700CCC302 /* VectorSuiteBenchUITests.xctest */,
			);
			name = Products;
			sourceTree = "<group>";
		};
/* End PBXGroup section */

/* Begin PBXNativeTarget section */
		C02CDB292FB1A7B600CCC302 /* VectorSuiteBench */ = {
			isa = PBXNativeTarget;
			buildConfigurationList = C02CDB4D2FB1A7B700CCC302 /* Build configuration list for PBXNativeTarget "VectorSuiteBench" */;
			buildPhases = (
				C02CDB262FB1A7B600CCC302 /* Sources */,
				C02CDB272FB1A7B600CCC302 /* Frameworks */,
				C02CDB282FB1A7B600CCC302 /* Resources */,
			);
			buildRules = (
			);
			dependencies = (
			);
			fileSystemSynchronizedGroups = (
				C02CDB2C2FB1A7B600CCC302 /* VectorSuiteBench */,
			);
			name = VectorSuiteBench;
			packageProductDependencies = (
				C065CA0A2FB996D1003857F6 /* vsb-run */,
				C065CA0D2FB996DD003857F6 /* VSBCore */,
				C065CA102FB996E6003857F6 /* BenchKit */,
			);
			productName = VectorSuiteBench;
			productReference = C02CDB2A2FB1A7B600CCC302 /* VectorSuiteBench.app */;
			productType = "com.apple.product-type.application";
		};
		C02CDB382FB1A7B700CCC302 /* VectorSuiteBenchTests */ = {
			isa = PBXNativeTarget;
			buildConfigurationList = C02CDB502FB1A7B700CCC302 /* Build configuration list for PBXNativeTarget "VectorSuiteBenchTests" */;
			buildPhases = (
				C02CDB352FB1A7B700CCC302 /* Sources */,
				C02CDB362FB1A7B700CCC302 /* Frameworks */,
				C02CDB372FB1A7B700CCC302 /* Resources */,
			);
			buildRules = (
			);
			dependencies = (
				C02CDB3B2FB1A7B700CCC302 /* PBXTargetDependency */,
			);
			fileSystemSynchronizedGroups = (
				C02CDB3C2FB1A7B700CCC302 /* VectorSuiteBenchTests */,
			);
			name = VectorSuiteBenchTests;
			packageProductDependencies = (
			);
			productName = VectorSuiteBenchTests;
			productReference = C02CDB392FB1A7B700CCC302 /* VectorSuiteBenchTests.xctest */;
			productType = "com.apple.product-type.bundle.unit-test";
		};
		C02CDB422FB1A7B700CCC302 /* VectorSuiteBenchUITests */ = {
			isa = PBXNativeTarget;
			buildConfigurationList = C02CDB532FB1A7B700CCC302 /* Build configuration list for PBXNativeTarget "VectorSuiteBenchUITests" */;
			buildPhases = (
				C02CDB3F2FB1A7B700CCC302 /* Sources */,
				C02CDB402FB1A7B700CCC302 /* Frameworks */,
				C02CDB412FB1A7B700CCC302 /* Resources */,
			);
			buildRules = (
			);
			dependencies = (
				C02CDB452FB1A7B700CCC302 /* PBXTargetDependency */,
			);
			fileSystemSynchronizedGroups = (
				C02CDB462FB1A7B700CCC302 /* VectorSuiteBenchUITests */,
			);
			name = VectorSuiteBenchUITests;
			packageProductDependencies = (
			);
			productName = VectorSuiteBenchUITests;
			productReference = C02CDB432FB1A7B700CCC302 /* VectorSuiteBenchUITests.xctest */;
			productType = "com.apple.product-type.bundle.ui-testing";
		};
/* End PBXNativeTarget section */

/* Begin PBXProject section */
		C02CDB222FB1A7B600CCC302 /* Project object */ = {
			isa = PBXProject;
			attributes = {
				BuildIndependentTargetsInParallel = 1;
				LastSwiftUpdateCheck = 2640;
				LastUpgradeCheck = 2650;
				TargetAttributes = {
					C02CDB292FB1A7B600CCC302 = {
						CreatedOnToolsVersion = 26.4.1;
					};
					C02CDB382FB1A7B700CCC302 = {
						CreatedOnToolsVersion = 26.4.1;
						TestTargetID = C02CDB292FB1A7B600CCC302;
					};
					C02CDB422FB1A7B700CCC302 = {
						CreatedOnToolsVersion = 26.4.1;
						TestTargetID = C02CDB292FB1A7B600CCC302;
					};
				};
			};
			buildConfigurationList = C02CDB252FB1A7B600CCC302 /* Build configuration list for PBXProject "VectorSuiteBench" */;
			developmentRegion = en;
			hasScannedForEncodings = 0;
			knownRegions = (
				en,
				Base,
			);
			mainGroup = C02CDB212FB1A7B600CCC302;
			minimizedProjectReferenceProxies = 1;
			packageReferences = (
				C065CA092FB996D1003857F6 /* XCLocalSwiftPackageReference "../Packages/VSBRun" */,
				C065CA0C2FB996DD003857F6 /* XCLocalSwiftPackageReference "../Packages/VSBCore" */,
				C065CA0F2FB996E6003857F6 /* XCLocalSwiftPackageReference "../Packages/BenchKit" */,
			);
			preferredProjectObjectVersion = 77;
			productRefGroup = C02CDB2B2FB1A7B600CCC302 /* Products */;
			projectDirPath = "";
			projectRoot = "";
			targets = (
				C02CDB292FB1A7B600CCC302 /* VectorSuiteBench */,
				C02CDB382FB1A7B700CCC302 /* VectorSuiteBenchTests */,
				C02CDB422FB1A7B700CCC302 /* VectorSuiteBenchUITests */,
			);
		};
/* End PBXProject section */

/* Begin PBXResourcesBuildPhase section */
		C02CDB282FB1A7B600CCC302 /* Resources */ = {
			isa = PBXResourcesBuildPhase;
			buildActionMask = 2147483647;
			files = (
			);
			runOnlyForDeploymentPostprocessing = 0;
		};
		C02CDB372FB1A7B700CCC302 /* Resources */ = {
			isa = PBXResourcesBuildPhase;
			buildActionMask = 2147483647;
			files = (
			);
			runOnlyForDeploymentPostprocessing = 0;
		};
		C02CDB412FB1A7B700CCC302 /* Resources */ = {
			isa = PBXResourcesBuildPhase;
			buildActionMask = 2147483647;
			files = (
			);
			runOnlyForDeploymentPostprocessing = 0;
		};
/* End PBXResourcesBuildPhase section */

/* Begin PBXSourcesBuildPhase section */
		C02CDB262FB1A7B600CCC302 /* Sources */ = {
			isa = PBXSourcesBuildPhase;
			buildActionMask = 2147483647;
			files = (
			);
			runOnlyForDeploymentPostprocessing = 0;
		};
		C02CDB352FB1A7B700CCC302 /* Sources */ = {
			isa = PBXSourcesBuildPhase;
			buildActionMask = 2147483647;
			files = (
			);
			runOnlyForDeploymentPostprocessing = 0;
		};
		C02CDB3F2FB1A7B700CCC302 /* Sources */ = {
			isa = PBXSourcesBuildPhase;
			buildActionMask = 2147483647;
			files = (
			);
			runOnlyForDeploymentPostprocessing = 0;
		};
/* End PBXSourcesBuildPhase section */

/* Begin PBXTargetDependency section */
		C02CDB3B2FB1A7B700CCC302 /* PBXTargetDependency */ = {
			isa = PBXTargetDependency;
			target = C02CDB292FB1A7B600CCC302 /* VectorSuiteBench */;
			targetProxy = C02CDB3A2FB1A7B700CCC302 /* PBXContainerItemProxy */;
		};
		C02CDB452FB1A7B700CCC302 /* PBXTargetDependency */ = {
			isa = PBXTargetDependency;
			target = C02CDB292FB1A7B600CCC302 /* VectorSuiteBench */;
			targetProxy = C02CDB442FB1A7B700CCC302 /* PBXContainerItemProxy */;
		};
/* End PBXTargetDependency section */

/* Begin XCBuildConfiguration section */
		C02CDB4B2FB1A7B700CCC302 /* Debug */ = {
			isa = XCBuildConfiguration;
			buildSettings = {
				ALWAYS_SEARCH_USER_PATHS = NO;
				ASSETCATALOG_COMPILER_GENERATE_SWIFT_ASSET_SYMBOL_EXTENSIONS = YES;
				CLANG_ANALYZER_NONNULL = YES;
				CLANG_ANALYZER_NUMBER_OBJECT_CONVERSION = YES_AGGRESSIVE;
				CLANG_CXX_LANGUAGE_STANDARD = "gnu++20";
				CLANG_ENABLE_MODULES = YES;
				CLANG_ENABLE_OBJC_ARC = YES;
				CLANG_ENABLE_OBJC_WEAK = YES;
				CLANG_WARN_BLOCK_CAPTURE_AUTORELEASING = YES;
				CLANG_WARN_BOOL_CONVERSION = YES;
				CLANG_WARN_COMMA = YES;
				CLANG_WARN_CONSTANT_CONVERSION = YES;
				CLANG_WARN_DEPRECATED_OBJC_IMPLEMENTATIONS = YES;
				CLANG_WARN_DIRECT_OBJC_ISA_USAGE = YES_ERROR;
				CLANG_WARN_DOCUMENTATION_COMMENTS = YES;
				CLANG_WARN_EMPTY_BODY = YES;
				CLANG_WARN_ENUM_CONVERSION = YES;
				CLANG_WARN_INFINITE_RECURSION = YES;
				CLANG_WARN_INT_CONVERSION = YES;
				CLANG_WARN_NON_LITERAL_NULL_CONVERSION = YES;
				CLANG_WARN_OBJC_IMPLICIT_RETAIN_SELF = YES;
				CLANG_WARN_OBJC_LITERAL_CONVERSION = YES;
				CLANG_WARN_OBJC_ROOT_CLASS = YES_ERROR;
				CLANG_WARN_QUOTED_INCLUDE_IN_FRAMEWORK_HEADER = YES;
				CLANG_WARN_RANGE_LOOP_ANALYSIS = YES;
				CLANG_WARN_STRICT_PROTOTYPES = YES;
				CLANG_WARN_SUSPICIOUS_MOVE = YES;
				CLANG_WARN_UNGUARDED_AVAILABILITY = YES_AGGRESSIVE;
				CLANG_WARN_UNREACHABLE_CODE = YES;
				CLANG_WARN__DUPLICATE_METHOD_MATCH = YES;
				COPY_PHASE_STRIP = NO;
				DEAD_CODE_STRIPPING = YES;
				DEBUG_INFORMATION_FORMAT = dwarf;
				DEVELOPMENT_TEAM = 8RMM46MMLD;
				ENABLE_STRICT_OBJC_MSGSEND = YES;
				ENABLE_TESTABILITY = YES;
				ENABLE_USER_SCRIPT_SANDBOXING = YES;
				GCC_C_LANGUAGE_STANDARD = gnu17;
				GCC_DYNAMIC_NO_PIC = NO;
				GCC_NO_COMMON_BLOCKS = YES;
				GCC_OPTIMIZATION_LEVEL = 0;
				GCC_PREPROCESSOR_DEFINITIONS = (
					"DEBUG=1",
					"$(inherited)",
				);
				GCC_WARN_64_TO_32_BIT_CONVERSION = YES;
				GCC_WARN_ABOUT_RETURN_TYPE = YES_ERROR;
				GCC_WARN_UNDECLARED_SELECTOR = YES;
				GCC_WARN_UNINITIALIZED_AUTOS = YES_AGGRESSIVE;
				GCC_WARN_UNUSED_FUNCTION = YES;
				GCC_WARN_UNUSED_VARIABLE = YES;
				LOCALIZATION_PREFERS_STRING_CATALOGS = YES;
				MACOSX_DEPLOYMENT_TARGET = 26.2;
				MTL_ENABLE_DEBUG_INFO = INCLUDE_SOURCE;
				MTL_FAST_MATH = YES;
				ONLY_ACTIVE_ARCH = YES;
				SDKROOT = macosx;
				STRING_CATALOG_GENERATE_SYMBOLS = YES;
				SWIFT_ACTIVE_COMPILATION_CONDITIONS = "DEBUG $(inherited)";
				SWIFT_OPTIMIZATION_LEVEL = "-Onone";
			};
			name = Debug;
		};
		C02CDB4C2FB1A7B700CCC302 /* Release */ = {
			isa = XCBuildConfiguration;
			buildSettings = {
				ALWAYS_SEARCH_USER_PATHS = NO;
				ASSETCATALOG_COMPILER_GENERATE_SWIFT_ASSET_SYMBOL_EXTENSIONS = YES;
				CLANG_ANALYZER_NONNULL = YES;
				CLANG_ANALYZER_NUMBER_OBJECT_CONVERSION = YES_AGGRESSIVE;
				CLANG_CXX_LANGUAGE_STANDARD = "gnu++20";
				CLANG_ENABLE_MODULES = YES;
				CLANG_ENABLE_OBJC_ARC = YES;
				CLANG_ENABLE_OBJC_WEAK = YES;
				CLANG_WARN_BLOCK_CAPTURE_AUTORELEASING = YES;
				CLANG_WARN_BOOL_CONVERSION = YES;
				CLANG_WARN_COMMA = YES;
				CLANG_WARN_CONSTANT_CONVERSION = YES;
				CLANG_WARN_DEPRECATED_OBJC_IMPLEMENTATIONS = YES;
				CLANG_WARN_DIRECT_OBJC_ISA_USAGE = YES_ERROR;
				CLANG_WARN_DOCUMENTATION_COMMENTS = YES;
				CLANG_WARN_EMPTY_BODY = YES;
				CLANG_WARN_ENUM_CONVERSION = YES;
				CLANG_WARN_INFINITE_RECURSION = YES;
				CLANG_WARN_INT_CONVERSION = YES;
				CLANG_WARN_NON_LITERAL_NULL_CONVERSION = YES;
				CLANG_WARN_OBJC_IMPLICIT_RETAIN_SELF = YES;
				CLANG_WARN_OBJC_LITERAL_CONVERSION = YES;
				CLANG_WARN_OBJC_ROOT_CLASS = YES_ERROR;
				CLANG_WARN_QUOTED_INCLUDE_IN_FRAMEWORK_HEADER = YES;
				CLANG_WARN_RANGE_LOOP_ANALYSIS = YES;
				CLANG_WARN_STRICT_PROTOTYPES = YES;
				CLANG_WARN_SUSPICIOUS_MOVE = YES;
				CLANG_WARN_UNGUARDED_AVAILABILITY = YES_AGGRESSIVE;
				CLANG_WARN_UNREACHABLE_CODE = YES;
				CLANG_WARN__DUPLICATE_METHOD_MATCH = YES;
				COPY_PHASE_STRIP = NO;
				DEAD_CODE_STRIPPING = YES;
				DEBUG_INFORMATION_FORMAT = "dwarf-with-dsym";
				DEVELOPMENT_TEAM = 8RMM46MMLD;
				ENABLE_NS_ASSERTIONS = NO;
				ENABLE_STRICT_OBJC_MSGSEND = YES;
				ENABLE_USER_SCRIPT_SANDBOXING = YES;
				GCC_C_LANGUAGE_STANDARD = gnu17;
				GCC_NO_COMMON_BLOCKS = YES;
				GCC_WARN_64_TO_32_BIT_CONVERSION = YES;
				GCC_WARN_ABOUT_RETURN_TYPE = YES_ERROR;
				GCC_WARN_UNDECLARED_SELECTOR = YES;
				GCC_WARN_UNINITIALIZED_AUTOS = YES_AGGRESSIVE;
				GCC_WARN_UNUSED_FUNCTION = YES;
				GCC_WARN_UNUSED_VARIABLE = YES;
				LOCALIZATION_PREFERS_STRING_CATALOGS = YES;
				MACOSX_DEPLOYMENT_TARGET = 26.2;
				MTL_ENABLE_DEBUG_INFO = NO;
				MTL_FAST_MATH = YES;
				SDKROOT = macosx;
				STRING_CATALOG_GENERATE_SYMBOLS = YES;
				SWIFT_COMPILATION_MODE = wholemodule;
			};
			name = Release;
		};
		C02CDB4E2FB1A7B700CCC302 /* Debug */ = {
			isa = XCBuildConfiguration;
			buildSettings = {
				ASSETCATALOG_COMPILER_APPICON_NAME = AppIcon;
				ASSETCATALOG_COMPILER_GLOBAL_ACCENT_COLOR_NAME = AccentColor;
				CODE_SIGN_STYLE = Automatic;
				COMBINE_HIDPI_IMAGES = YES;
				CURRENT_PROJECT_VERSION = 1;
				DEAD_CODE_STRIPPING = YES;
				DEVELOPMENT_TEAM = 8RMM46MMLD;
				ENABLE_APP_SANDBOX = YES;
				ENABLE_HARDENED_RUNTIME = YES;
				ENABLE_PREVIEWS = YES;
				ENABLE_USER_SELECTED_FILES = readonly;
				GENERATE_INFOPLIST_FILE = YES;
				INFOPLIST_KEY_NSHumanReadableCopyright = "";
				LD_RUNPATH_SEARCH_PATHS = (
					"$(inherited)",
					"@executable_path/../Frameworks",
				);
				MARKETING_VERSION = 1.0;
				PRODUCT_BUNDLE_IDENTIFIER = org.goftin.VectorSuiteBench;
				PRODUCT_NAME = "$(TARGET_NAME)";
				REGISTER_APP_GROUPS = YES;
				STRING_CATALOG_GENERATE_SYMBOLS = YES;
				SWIFT_APPROACHABLE_CONCURRENCY = YES;
				SWIFT_DEFAULT_ACTOR_ISOLATION = MainActor;
				SWIFT_EMIT_LOC_STRINGS = YES;
				SWIFT_UPCOMING_FEATURE_MEMBER_IMPORT_VISIBILITY = YES;
				SWIFT_VERSION = 5.0;
			};
			name = Debug;
		};
		C02CDB4F2FB1A7B700CCC302 /* Release */ = {
			isa = XCBuildConfiguration;
			buildSettings = {
				ASSETCATALOG_COMPILER_APPICON_NAME = AppIcon;
				ASSETCATALOG_COMPILER_GLOBAL_ACCENT_COLOR_NAME = AccentColor;
				CODE_SIGN_STYLE = Automatic;
				COMBINE_HIDPI_IMAGES = YES;
				CURRENT_PROJECT_VERSION = 1;
				DEAD_CODE_STRIPPING = YES;
				DEVELOPMENT_TEAM = 8RMM46MMLD;
				ENABLE_APP_SANDBOX = YES;
				ENABLE_HARDENED_RUNTIME = YES;
				ENABLE_PREVIEWS = YES;
				ENABLE_USER_SELECTED_FILES = readonly;
				GENERATE_INFOPLIST_FILE = YES;
				INFOPLIST_KEY_NSHumanReadableCopyright = "";
				LD_RUNPATH_SEARCH_PATHS = (
					"$(inherited)",
					"@executable_path/../Frameworks",
				);
				MARKETING_VERSION = 1.0;
				PRODUCT_BUNDLE_IDENTIFIER = org.goftin.VectorSuiteBench;
				PRODUCT_NAME = "$(TARGET_NAME)";
				REGISTER_APP_GROUPS = YES;
				STRING_CATALOG_GENERATE_SYMBOLS = YES;
				SWIFT_APPROACHABLE_CONCURRENCY = YES;
				SWIFT_DEFAULT_ACTOR_ISOLATION = MainActor;
				SWIFT_EMIT_LOC_STRINGS = YES;
				SWIFT_UPCOMING_FEATURE_MEMBER_IMPORT_VISIBILITY = YES;
				SWIFT_VERSION = 5.0;
			};
			name = Release;
		};
		C02CDB512FB1A7B700CCC302 /* Debug */ = {
			isa = XCBuildConfiguration;
			buildSettings = {
				BUNDLE_LOADER = "$(TEST_HOST)";
				CODE_SIGN_STYLE = Automatic;
				CURRENT_PROJECT_VERSION = 1;
				DEAD_CODE_STRIPPING = YES;
				DEVELOPMENT_TEAM = 8RMM46MMLD;
				GENERATE_INFOPLIST_FILE = YES;
				MACOSX_DEPLOYMENT_TARGET = 26.2;
				MARKETING_VERSION = 1.0;
				PRODUCT_BUNDLE_IDENTIFIER = org.goftin.VectorSuiteBenchTests;
				PRODUCT_NAME = "$(TARGET_NAME)";
				STRING_CATALOG_GENERATE_SYMBOLS = NO;
				SWIFT_APPROACHABLE_CONCURRENCY = YES;
				SWIFT_EMIT_LOC_STRINGS = NO;
				SWIFT_UPCOMING_FEATURE_MEMBER_IMPORT_VISIBILITY = YES;
				SWIFT_VERSION = 5.0;
				TEST_HOST = "$(BUILT_PRODUCTS_DIR)/VectorSuiteBench.app/$(BUNDLE_EXECUTABLE_FOLDER_PATH)/VectorSuiteBench";
			};
			name = Debug;
		};
		C02CDB522FB1A7B700CCC302 /* Release */ = {
			isa = XCBuildConfiguration;
			buildSettings = {
				BUNDLE_LOADER = "$(TEST_HOST)";
				CODE_SIGN_STYLE = Automatic;
				CURRENT_PROJECT_VERSION = 1;
				DEAD_CODE_STRIPPING = YES;
				DEVELOPMENT_TEAM = 8RMM46MMLD;
				GENERATE_INFOPLIST_FILE = YES;
				MACOSX_DEPLOYMENT_TARGET = 26.2;
				MARKETING_VERSION = 1.0;
				PRODUCT_BUNDLE_IDENTIFIER = org.goftin.VectorSuiteBenchTests;
				PRODUCT_NAME = "$(TARGET_NAME)";
				STRING_CATALOG_GENERATE_SYMBOLS = NO;
				SWIFT_APPROACHABLE_CONCURRENCY = YES;
				SWIFT_EMIT_LOC_STRINGS = NO;
				SWIFT_UPCOMING_FEATURE_MEMBER_IMPORT_VISIBILITY = YES;
				SWIFT_VERSION = 5.0;
				TEST_HOST = "$(BUILT_PRODUCTS_DIR)/VectorSuiteBench.app/$(BUNDLE_EXECUTABLE_FOLDER_PATH)/VectorSuiteBench";
			};
			name = Release;
		};
		C02CDB542FB1A7B700CCC302 /* Debug */ = {
			isa = XCBuildConfiguration;
			buildSettings = {
				CODE_SIGN_STYLE = Automatic;
				CURRENT_PROJECT_VERSION = 1;
				DEAD_CODE_STRIPPING = YES;
				DEVELOPMENT_TEAM = 8RMM46MMLD;
				GENERATE_INFOPLIST_FILE = YES;
				MARKETING_VERSION = 1.0;
				PRODUCT_BUNDLE_IDENTIFIER = org.goftin.VectorSuiteBenchUITests;
				PRODUCT_NAME = "$(TARGET_NAME)";
				STRING_CATALOG_GENERATE_SYMBOLS = NO;
				SWIFT_APPROACHABLE_CONCURRENCY = YES;
				SWIFT_EMIT_LOC_STRINGS = NO;
				SWIFT_UPCOMING_FEATURE_MEMBER_IMPORT_VISIBILITY = YES;
				SWIFT_VERSION = 5.0;
				TEST_TARGET_NAME = VectorSuiteBench;
			};
			name = Debug;
		};
		C02CDB552FB1A7B700CCC302 /* Release */ = {
			isa = XCBuildConfiguration;
			buildSettings = {
				CODE_SIGN_STYLE = Automatic;
				CURRENT_PROJECT_VERSION = 1;
				DEAD_CODE_STRIPPING = YES;
				DEVELOPMENT_TEAM = 8RMM46MMLD;
				GENERATE_INFOPLIST_FILE = YES;
				MARKETING_VERSION = 1.0;
				PRODUCT_BUNDLE_IDENTIFIER = org.goftin.VectorSuiteBenchUITests;
				PRODUCT_NAME = "$(TARGET_NAME)";
				STRING_CATALOG_GENERATE_SYMBOLS = NO;
				SWIFT_APPROACHABLE_CONCURRENCY = YES;
				SWIFT_EMIT_LOC_STRINGS = NO;
				SWIFT_UPCOMING_FEATURE_MEMBER_IMPORT_VISIBILITY = YES;
				SWIFT_VERSION = 5.0;
				TEST_TARGET_NAME = VectorSuiteBench;
			};
			name = Release;
		};
/* End XCBuildConfiguration section */

/* Begin XCConfigurationList section */
		C02CDB252FB1A7B600CCC302 /* Build configuration list for PBXProject "VectorSuiteBench" */ = {
			isa = XCConfigurationList;
			buildConfigurations = (
				C02CDB4B2FB1A7B700CCC302 /* Debug */,
				C02CDB4C2FB1A7B700CCC302 /* Release */,
			);
			defaultConfigurationIsVisible = 0;
			defaultConfigurationName = Release;
		};
		C02CDB4D2FB1A7B700CCC302 /* Build configuration list for PBXNativeTarget "VectorSuiteBench" */ = {
			isa = XCConfigurationList;
			buildConfigurations = (
				C02CDB4E2FB1A7B700CCC302 /* Debug */,
				C02CDB4F2FB1A7B700CCC302 /* Release */,
			);
			defaultConfigurationIsVisible = 0;
			defaultConfigurationName = Release;
		};
		C02CDB502FB1A7B700CCC302 /* Build configuration list for PBXNativeTarget "VectorSuiteBenchTests" */ = {
			isa = XCConfigurationList;
			buildConfigurations = (
				C02CDB512FB1A7B700CCC302 /* Debug */,
				C02CDB522FB1A7B700CCC302 /* Release */,
			);
			defaultConfigurationIsVisible = 0;
			defaultConfigurationName = Release;
		};
		C02CDB532FB1A7B700CCC302 /* Build configuration list for PBXNativeTarget "VectorSuiteBenchUITests" */ = {
			isa = XCConfigurationList;
			buildConfigurations = (
				C02CDB542FB1A7B700CCC302 /* Debug */,
				C02CDB552FB1A7B700CCC302 /* Release */,
			);
			defaultConfigurationIsVisible = 0;
			defaultConfigurationName = Release;
		};
/* End XCConfigurationList section */

/* Begin XCLocalSwiftPackageReference section */
		C065CA092FB996D1003857F6 /* XCLocalSwiftPackageReference "../Packages/VSBRun" */ = {
			isa = XCLocalSwiftPackageReference;
			relativePath = ../Packages/VSBRun;
		};
		C065CA0C2FB996DD003857F6 /* XCLocalSwiftPackageReference "../Packages/VSBCore" */ = {
			isa = XCLocalSwiftPackageReference;
			relativePath = ../Packages/VSBCore;
		};
		C065CA0F2FB996E6003857F6 /* XCLocalSwiftPackageReference "../Packages/BenchKit" */ = {
			isa = XCLocalSwiftPackageReference;
			relativePath = ../Packages/BenchKit;
		};
/* End XCLocalSwiftPackageReference section */

/* Begin XCSwiftPackageProductDependency section */
		C065CA0A2FB996D1003857F6 /* vsb-run */ = {
			isa = XCSwiftPackageProductDependency;
			productName = "vsb-run";
		};
		C065CA0D2FB996DD003857F6 /* VSBCore */ = {
			isa = XCSwiftPackageProductDependency;
			productName = VSBCore;
		};
		C065CA102FB996E6003857F6 /* BenchKit */ = {
			isa = XCSwiftPackageProductDependency;
			productName = BenchKit;
		};
/* End XCSwiftPackageProductDependency section */
	};
	rootObject = C02CDB222FB1A7B600CCC302 /* Project object */;
}
